<?xml version="1.0" encoding="utf-8"?>
<Project ToolsVersion="4.0" xmlns="http://schemas.microsoft.com/developer/msbuild/2003">
  <ItemGroup>
    <Filter Include="ソース ファイル">
      <UniqueIdentifier>{4FC737F1-C7A5-4376-A066-2A32D752A2FF}</UniqueIdentifier>
      <Extensions>cpp;c;cc;cxx;def;odl;idl;hpj;bat;asm;asmx</Extensions>
    </Filter>
    <Filter Include="ヘッダー ファイル">
      <UniqueIdentifier>{93995380-89BD-4b04-88EB-625FBE52EBFB}</UniqueIdentifier>
      <Extensions>h;hh;hpp;hxx;hm;inl;inc;xsd</Extensions>
    </Filter>
    <Filter Include="リソース ファイル">
      <UniqueIdentifier>{67DA6AB6-F800-4c08-8B7A-83BB121AAD01}</UniqueIdentifier>
      <Extensions>rc;ico;cur;bmp;dlg;rc2;rct;bin;rgs;gif;jpg;jpeg;jpe;resx;tiff;tif;png;wav;mfcribbon-ms</Extensions>
    </Filter>
    <Filter Include="ソース ファイル\model">
      <UniqueIdentifier>{e3abc0e7-9922-40d7-bc98-428039befe15}</UniqueIdentifier>
    </Filter>
    <Filter Include="ソース ファイル\directX">
      <UniqueIdentifier>{c7c531b9-09db-49ce-a8c8-236444510998}</UniqueIdentifier>
    </Filter>
    <Filter Include="ソース ファイル\debug">
      <UniqueIdentifier>{30861f5a-fbc8-47e9-80a9-6c605320e64c}</UniqueIdentifier>
    </Filter>
    <Filter Include="ソース ファイル\directX\graphicAPI">
      <UniqueIdentifier>{f70ecc6b-5634-490f-bd80-16c7c38eed9f}</UniqueIdentifier>
    </Filter>
    <Filter Include="ソース ファイル\mathdef">
      <UniqueIdentifier>{023af8b0-7a7c-42b7-8d2b-bcca1eecbf87}</UniqueIdentifier>
    </Filter>
    <Filter Include="ソース ファイル\gamemain">
      <UniqueIdentifier>{0964542e-51a6-4c51-ae41-c6a8e9f15498}</UniqueIdentifier>
    </Filter>
  </ItemGroup>
  <ItemGroup>
    <ClCompile Include="main.cpp">
      <Filter>ソース ファイル</Filter>
    </ClCompile>
    <ClCompile Include="directx_class_define.cpp">
      <Filter>ソース ファイル</Filter>
    </ClCompile>
    <ClCompile Include="audio.cpp">
      <Filter>ソース ファイル</Filter>
    </ClCompile>
    <ClCompile Include="foo.cpp">
      <Filter>ソース ファイル</Filter>
    </ClCompile>
    <ClCompile Include="modelloader.cpp">
      <Filter>ソース ファイル\model</Filter>
    </ClCompile>
    <ClCompile Include="model.cpp">
      <Filter>ソース ファイル\model</Filter>
    </ClCompile>
    <ClCompile Include="directx.cpp">
      <Filter>ソース ファイル\directX</Filter>
    </ClCompile>
    <ClCompile Include="fps.cpp">
      <Filter>ソース ファイル\debug</Filter>
    </ClCompile>
    <ClCompile Include="graphic_api.cpp">
      <Filter>ソース ファイル\directX\graphicAPI</Filter>
    </ClCompile>
    <ClCompile Include="game_main.cpp">
      <Filter>ソース ファイル\gamemain</Filter>
    </ClCompile>
    <ClCompile Include="player.cpp">
      <Filter>ソース ファイル\gamemain</Filter>
    </ClCompile>
    <ClCompile Include="input.cpp">
      <Filter>ソース ファイル\directX</Filter>
    </ClCompile>
  </ItemGroup>
  <ItemGroup>
    <ClInclude Include="audio.h">
      <Filter>ソース ファイル</Filter>
    </ClInclude>
    <ClInclude Include="boost.h">
      <Filter>ソース ファイル</Filter>
    </ClInclude>
    <ClInclude Include="directx_include.h">
      <Filter>ソース ファイル</Filter>
    </ClInclude>
    <ClInclude Include="standard_include.h">
      <Filter>ソース ファイル</Filter>
    </ClInclude>
    <ClInclude Include="directx_class_def.h">
      <Filter>ソース ファイル</Filter>
    </ClInclude>
    <ClInclude Include="foo.h">
      <Filter>ヘッダー ファイル</Filter>
    </ClInclude>
    <ClInclude Include="modelloader.h">
      <Filter>ソース ファイル\model</Filter>
    </ClInclude>
    <ClInclude Include="model.h">
      <Filter>ソース ファイル\model</Filter>
    </ClInclude>
    <ClInclude Include="directx.h">
      <Filter>ソース ファイル\directX</Filter>
    </ClInclude>
    <ClInclude Include="fps.h">
      <Filter>ソース ファイル\debug</Filter>
    </ClInclude>
    <ClInclude Include="graphic_api.h">
      <Filter>ソース ファイル\directX\graphicAPI</Filter>
    </ClInclude>
    <ClInclude Include="mathdef.h">
      <Filter>ソース ファイル\mathdef</Filter>
    </ClInclude>
    <ClInclude Include="directx_private.h">
      <Filter>ソース ファイル\directX</Filter>
    </ClInclude>
    <ClInclude Include="game_main.h">
      <Filter>ソース ファイル\gamemain</Filter>
    </ClInclude>
    <ClInclude Include="player.h">
      <Filter>ソース ファイル\gamemain</Filter>
    </ClInclude>
    <ClInclude Include="input.h">
      <Filter>ソース ファイル\directX</Filter>
    </ClInclude>
  </ItemGroup>
</Project>